
Microsoft Visual Studio Solution File, Format Version 12.00
# Visual Studio 15
VisualStudioVersion = 15.0.27703.2047
MinimumVisualStudioVersion = 10.0.40219.1
Project("{FAE04EC0-301F-11D3-BF4B-00C04F79EFBC}") = "MassPayouts", "MassPayouts\MassPayouts.csproj", "{6629CF91-BBA9-4250-96B0-B0B10BCA8161}"
EndProject
Global
	GlobalSection(SolutionConfigurationPlatforms) = preSolution
		Debug|Any CPU = Debug|Any CPU
		Release|Any CPU = Release|Any CPU
	EndGlobalSection
	GlobalSection(ProjectConfigurationPlatforms) = postSolution
		{6629CF91-BBA9-4250-96B0-B0B10BCA8161}.Debug|Any CPU.ActiveCfg = Debug|Any CPU
		{6629CF91-BBA9-4250-96B0-B0B10BCA8161}.Debug|Any CPU.Build.0 = Debug|Any CPU
		{6629CF91-BBA9-4250-96B0-B0B10BCA8161}.Release|Any CPU.ActiveCfg = Release|Any CPU
		{6629CF91-BBA9-4250-96B0-B0B10BCA8161}.Release|Any CPU.Build.0 = Release|Any CPU
	EndGlobalSection
	GlobalSection(SolutionProperties) = preSolution
		HideSolutionNode = FALSE
	EndGlobalSection
	GlobalSection(ExtensibilityGlobals) = postSolution
		SolutionGuid = {9492ECE2-BA41-41F3-AB51-AF9928F2C445}
	EndGlobalSection
EndGlobal
